
Microsoft Visual Studio Solution File, Format Version 12.00
# Visual Studio 2012
Project("{E24C65DC-7377-472B-9ABA-BC803B73C61A}") = "M7011E", "..\", "{7BBA2495-F745-4410-A807-E4AEE4E3CED6}"
	ProjectSection(WebsiteProperties) = preProject
		TargetFrameworkMoniker = ".NETFramework,Version%3Dv4.0"
		Debug.AspNetCompiler.VirtualPath = "/M7011E"
		Debug.AspNetCompiler.PhysicalPath = "..\..\M7011E\"
		Debug.AspNetCompiler.TargetPath = "PrecompiledWeb\M7011E\"
		Debug.AspNetCompiler.Updateable = "true"
		Debug.AspNetCompiler.ForceOverwrite = "true"
		Debug.AspNetCompiler.FixedNames = "false"
		Debug.AspNetCompiler.Debug = "True"
		Release.AspNetCompiler.VirtualPath = "/M7011E"
		Release.AspNetCompiler.PhysicalPath = "..\..\M7011E\"
		Release.AspNetCompiler.TargetPath = "PrecompiledWeb\M7011E\"
		Release.AspNetCompiler.Updateable = "true"
		Release.AspNetCompiler.ForceOverwrite = "true"
		Release.AspNetCompiler.FixedNames = "false"
		Release.AspNetCompiler.Debug = "False"
		VWDPort = "1508"
	EndProjectSection
EndProject
Global
	GlobalSection(SolutionConfigurationPlatforms) = preSolution
		Debug|Any CPU = Debug|Any CPU
		Release|Any CPU = Release|Any CPU
	EndGlobalSection
	GlobalSection(ProjectConfigurationPlatforms) = postSolution
		{7BBA2495-F745-4410-A807-E4AEE4E3CED6}.Debug|Any CPU.ActiveCfg = Debug|Any CPU
		{7BBA2495-F745-4410-A807-E4AEE4E3CED6}.Debug|Any CPU.Build.0 = Debug|Any CPU
		{7BBA2495-F745-4410-A807-E4AEE4E3CED6}.Release|Any CPU.ActiveCfg = Debug|Any CPU
		{7BBA2495-F745-4410-A807-E4AEE4E3CED6}.Release|Any CPU.Build.0 = Debug|Any CPU
	EndGlobalSection
	GlobalSection(SolutionProperties) = preSolution
		HideSolutionNode = FALSE
	EndGlobalSection
EndGlobal
